{
  "name": "demo-express-checkout-redirect",
  "version": "1.0.0",
  "lockfileVersion": 1,
  "requires": true,
  "dependencies": {
    "@babel/polyfill": {
      "version": "7.8.3",
      "resolved": "https://registry.npmjs.org/@babel/polyfill/-/polyfill-7.8.3.tgz",
      "integrity": "sha512-0QEgn2zkCzqGIkSWWAEmvxD7e00Nm9asTtQvi7HdlYvMhjy/J38V/1Y9ode0zEJeIuxAI0uftiAzqc7nVeWUGg==",
      "requires": {
        "core-js": "^2.6.5",
        "regenerator-runtime": "^0.13.2"
      }
    },
    "@babel/runtime": {
      "version": "7.8.4",
      "resolved": "https://registry.npmjs.org/@babel/runtime/-/runtime-7.8.4.tgz",
      "integrity": "sha512-neAp3zt80trRVBI1x0azq6c57aNBqYZH8KhMm3TaB7wEI5Q4A2SHfBHE8w9gOhI/lrqxtEbXZgQIrHP+wvSGwQ==",
      "requires": {
        "regenerator-runtime": "^0.13.2"
      }
    },
    "@reduxjs/toolkit": {
      "version": "1.2.3",
      "resolved": "https://registry.npmjs.org/@reduxjs/toolkit/-/toolkit-1.2.3.tgz",
      "integrity": "sha512-CgeZl41Bmz1rFkASt5gA9egCy9YWXzy485EsEXoGd2Xm1o63UQCxfuCLTH+XlTs25WqtGjSmn5H4xu7n86ytYw==",
      "requires": {
        "immer": "^4.0.1",
        "redux": "^4.0.0",
        "redux-devtools-extension": "^2.13.8",
        "redux-immutable-state-invariant": "^2.1.0",
        "redux-thunk": "^2.3.0",
        "reselect": "^4.0.0"
      }
    },
    "Base64": {
      "version": "1.1.0",
      "resolved": "https://registry.npmjs.org/Base64/-/Base64-1.1.0.tgz",
      "integrity": "sha512-qeacf8dvGpf+XAT27ESHMh7z84uRzj/ua2pQdJg483m3bEXv/kVFtDnMgvf70BQGqzbZhR9t6BmASzKvqfJf3Q=="
    },
    "asap": {
      "version": "2.0.6",
      "resolved": "https://registry.npmjs.org/asap/-/asap-2.0.6.tgz",
      "integrity": "sha1-5QNHYR1+aQlDIIu9r+vLwvuGbUY="
    },
    "async": {
      "version": "2.6.3",
      "resolved": "https://registry.npmjs.org/async/-/async-2.6.3.tgz",
      "integrity": "sha512-zflvls11DCy+dQWzTW2dzuilv8Z5X/pjfmZOWba6TNIVDm+2UDaJmXSOXlasHKfNBs8oo3M0aT50fDEWfKZjXg==",
      "dev": true,
      "requires": {
        "lodash": "^4.17.14"
      }
    },
    "basic-auth": {
      "version": "1.1.0",
      "resolved": "https://registry.npmjs.org/basic-auth/-/basic-auth-1.1.0.tgz",
      "integrity": "sha1-RSIe5Cn37h5QNb4/UVM/HN/SmIQ=",
      "dev": true
    },
    "beaver-logger": {
      "version": "3.0.19",
      "resolved": "https://registry.npmjs.org/beaver-logger/-/beaver-logger-3.0.19.tgz",
      "integrity": "sha512-hfBwPUD8PeE6mFSTtWAYd/wI8AzaoeRGNIpWGZWJGZBLyl7Fb7n6PL33JujUzWKWDsIi9V3HoppqIyM/CeeSnw==",
      "requires": {
        "zalgo-promise": "^1.0.26"
      }
    },
    "belter": {
      "version": "1.0.115",
      "resolved": "https://registry.npmjs.org/belter/-/belter-1.0.115.tgz",
      "integrity": "sha512-CDUeweAO3hRNamhZsDqO0Ubn+Lyfka3rMfjBvOCka6/NreGGAACGFVYlej9ssgebyl2qbBBSiwinUVNC85uGvw==",
      "requires": {
        "cross-domain-safe-weakmap": "^1.0.20",
        "cross-domain-utils": "^2.0.10",
        "zalgo-promise": "^1.0.28"
      }
    },
    "bowser": {
      "version": "1.9.4",
      "resolved": "https://registry.npmjs.org/bowser/-/bowser-1.9.4.tgz",
      "integrity": "sha512-9IdMmj2KjigRq6oWhmwv1W36pDuA4STQZ8q6YO9um+x07xgYNCD3Oou+WP/3L1HNz7iqythGet3/p4wvc8AAwQ=="
    },
    "colors": {
      "version": "1.4.0",
      "resolved": "https://registry.npmjs.org/colors/-/colors-1.4.0.tgz",
      "integrity": "sha512-a+UqTh4kgZg/SlGvfbzDHpgRu7AAQOmmqRHJnxhRZICKFUT91brVhNNt58CMWU9PsBbv3PDCZUHbVxuDiH2mtA==",
      "dev": true
    },
    "core-js": {
      "version": "2.6.11",
      "resolved": "https://registry.npmjs.org/core-js/-/core-js-2.6.11.tgz",
      "integrity": "sha512-5wjnpaT/3dV+XB4borEsnAYQchn00XSgTAWKDkEqv+K8KevjbzmofK6hfJ9TZIlpj2N0xQpazy7PiRQiWHqzWg=="
    },
    "corser": {
      "version": "2.0.1",
      "resolved": "https://registry.npmjs.org/corser/-/corser-2.0.1.tgz",
      "integrity": "sha1-jtolLsqrWEDc2XXOuQ2TcMgZ/4c=",
      "dev": true
    },
    "cross-domain-safe-weakmap": {
      "version": "1.0.27",
      "resolved": "https://registry.npmjs.org/cross-domain-safe-weakmap/-/cross-domain-safe-weakmap-1.0.27.tgz",
      "integrity": "sha512-f5etDzszteeGh99Dzd7o72FGwd8rLGzgEv50Vk0r8mLzPdQEzcb7Vmx3PfKWD4k66Hp8vN0BLPuBmmMs4UxseQ==",
      "requires": {
        "cross-domain-utils": "^2.0.0"
      }
    },
    "cross-domain-utils": {
      "version": "2.0.29",
      "resolved": "https://registry.npmjs.org/cross-domain-utils/-/cross-domain-utils-2.0.29.tgz",
      "integrity": "sha512-Kb0Mgtmo7OIN4QuIYuWNe63pxq9DnlyyzzALcHUPg8zVJIP5QFOGuTe5KgnlyLAx4IxckD6661WaawjSkuTvUA==",
      "requires": {
        "zalgo-promise": "^1.0.11"
      }
    },
    "debug": {
      "version": "3.2.6",
      "resolved": "https://registry.npmjs.org/debug/-/debug-3.2.6.tgz",
      "integrity": "sha512-mel+jf7nrtEl5Pn1Qx46zARXKDpBbvzezse7p7LqINmdoIk8PYP5SySaxEmYv6TZ0JyEKA1hsCId6DIhgITtWQ==",
      "dev": true,
      "requires": {
        "ms": "^2.1.1"
      }
    },
    "decode-uri-component": {
      "version": "0.2.0",
      "resolved": "https://registry.npmjs.org/decode-uri-component/-/decode-uri-component-0.2.0.tgz",
      "integrity": "sha1-6zkTMzRYd1y4TNGh+uBiEGu4dUU="
    },
    "ecstatic": {
      "version": "3.3.2",
      "resolved": "https://registry.npmjs.org/ecstatic/-/ecstatic-3.3.2.tgz",
      "integrity": "sha512-fLf9l1hnwrHI2xn9mEDT7KIi22UDqA2jaCwyCbSUJh9a1V+LEUSL/JO/6TIz/QyuBURWUHrFL5Kg2TtO1bkkog==",
      "dev": true,
      "requires": {
        "he": "^1.1.1",
        "mime": "^1.6.0",
        "minimist": "^1.1.0",
        "url-join": "^2.0.5"
      }
    },
    "eventemitter3": {
      "version": "4.0.0",
      "resolved": "https://registry.npmjs.org/eventemitter3/-/eventemitter3-4.0.0.tgz",
      "integrity": "sha512-qerSRB0p+UDEssxTtm6EDKcE7W4OaoisfIMl4CngyEhjpYglocpNg6UEqCvemdGhosAsg4sO2dXJOdyBifPGCg==",
      "dev": true
    },
    "express-checkout": {
      "version": "1.0.4",
      "resolved": "https://packagecloud.io/optile/javascript/npm/express-checkout/-/express-checkout-1.0.4.tgz",
      "integrity": "sha1-DBSLWZy/q/aB259rC6YNN2CZlJY=",
      "requires": {
        "@babel/polyfill": "^7.7.0",
        "@reduxjs/toolkit": "^1.1.0",
        "paypal-checkout": "^4.0.305",
        "query-string": "^5.1.1",
        "react-app-polyfill": "^1.0.5",
        "react-redux": "^7.1.3",
        "redux": "^4.0.4",
        "redux-thunk": "^2.3.0"
      }
    },
    "follow-redirects": {
      "version": "1.10.0",
      "resolved": "https://registry.npmjs.org/follow-redirects/-/follow-redirects-1.10.0.tgz",
      "integrity": "sha512-4eyLK6s6lH32nOvLLwlIOnr9zrL8Sm+OvW4pVTJNoXeGzYIkHVf+pADQi+OJ0E67hiuSLezPVPyBcIZO50TmmQ==",
      "dev": true,
      "requires": {
        "debug": "^3.0.0"
      }
    },
    "form-serialize": {
      "version": "0.7.2",
      "resolved": "https://registry.npmjs.org/form-serialize/-/form-serialize-0.7.2.tgz",
      "integrity": "sha1-sKL/DCICb7bT0VydM/beakMuRzI="
    },
    "fs-extra": {
      "version": "8.1.0",
      "resolved": "https://registry.npmjs.org/fs-extra/-/fs-extra-8.1.0.tgz",
      "integrity": "sha512-yhlQgA6mnOJUKOsRUFsgJdQCvkKhcz8tlZG5HBQfReYZy46OwLcY+Zia0mtdHsOo9y/hP+CxMN0TU9QxoOtG4g==",
      "dev": true,
      "requires": {
        "graceful-fs": "^4.2.0",
        "jsonfile": "^4.0.0",
        "universalify": "^0.1.0"
      }
    },
    "graceful-fs": {
      "version": "4.2.3",
      "resolved": "https://registry.npmjs.org/graceful-fs/-/graceful-fs-4.2.3.tgz",
      "integrity": "sha512-a30VEBm4PEdx1dRB7MFK7BejejvCvBronbLjht+sHuGYj8PHs7M/5Z+rt5lw551vZ7yfTCj4Vuyy3mSJytDWRQ==",
      "dev": true
    },
    "he": {
      "version": "1.2.0",
      "resolved": "https://registry.npmjs.org/he/-/he-1.2.0.tgz",
      "integrity": "sha512-F/1DnUGPopORZi0ni+CvrCgHQ5FyEAHRLSApuYWMmrbSwoN2Mn/7k+Gl38gJnR7yyDZk6WLXwiGod1JOWNDKGw==",
      "dev": true
    },
    "hi-base32": {
      "version": "0.5.0",
      "resolved": "https://registry.npmjs.org/hi-base32/-/hi-base32-0.5.0.tgz",
      "integrity": "sha512-DDRmxSyoYuvjUb9EnXdoiMChBZ7ZcUVJsK5Frd3kqMhuBxvmZdnBeynAVfj7/ECbn++CekcoprvC/rprHPAtow=="
    },
    "hoist-non-react-statics": {
      "version": "3.3.2",
      "resolved": "https://registry.npmjs.org/hoist-non-react-statics/-/hoist-non-react-statics-3.3.2.tgz",
      "integrity": "sha512-/gGivxi8JPKWNm/W0jSmzcMPpfpPLc3dY/6GxhX2hQ9iGj3aDfklV4ET7NjKpSinLpJ5vafa9iiGIEZg10SfBw==",
      "requires": {
        "react-is": "^16.7.0"
      }
    },
    "http-proxy": {
      "version": "1.18.0",
      "resolved": "https://registry.npmjs.org/http-proxy/-/http-proxy-1.18.0.tgz",
      "integrity": "sha512-84I2iJM/n1d4Hdgc6y2+qY5mDaz2PUVjlg9znE9byl+q0uC3DeByqBGReQu5tpLK0TAqTIXScRUV+dg7+bUPpQ==",
      "dev": true,
      "requires": {
        "eventemitter3": "^4.0.0",
        "follow-redirects": "^1.0.0",
        "requires-port": "^1.0.0"
      }
    },
    "http-server": {
      "version": "0.12.1",
      "resolved": "https://registry.npmjs.org/http-server/-/http-server-0.12.1.tgz",
      "integrity": "sha512-T0jB+7J7GJ2Vo+a4/T7P7SbQ3x2GPDnqRqQXdfEuPuUOmES/9NBxPnDm7dh1HGEeUWqUmLUNtGV63ZC5Uy3tGA==",
      "dev": true,
      "requires": {
        "basic-auth": "^1.0.3",
        "colors": "^1.3.3",
        "corser": "^2.0.1",
        "ecstatic": "^3.3.2",
        "http-proxy": "^1.17.0",
        "opener": "^1.5.1",
        "optimist": "~0.6.1",
        "portfinder": "^1.0.20",
        "secure-compare": "3.0.1",
        "union": "~0.5.0"
      }
    },
    "immer": {
      "version": "4.0.2",
      "resolved": "https://registry.npmjs.org/immer/-/immer-4.0.2.tgz",
      "integrity": "sha512-Q/tm+yKqnKy4RIBmmtISBlhXuSDrB69e9EKTYiIenIKQkXBQir43w+kN/eGiax3wt1J0O1b2fYcNqLSbEcXA7w=="
    },
    "invariant": {
      "version": "2.2.4",
      "resolved": "https://registry.npmjs.org/invariant/-/invariant-2.2.4.tgz",
      "integrity": "sha512-phJfQVBuaJM5raOpJjSfkiD6BpbCE4Ns//LaXl6wGYtUBY83nWS6Rf9tXm2e8VaK60JEjYldbPif/A2B1C2gNA==",
      "requires": {
        "loose-envify": "^1.0.0"
      }
    },
    "js-tokens": {
      "version": "4.0.0",
      "resolved": "https://registry.npmjs.org/js-tokens/-/js-tokens-4.0.0.tgz",
      "integrity": "sha512-RdJUflcE3cUzKiMqQgsCu06FPu9UdIJO0beYbPhHN4k6apgJtifcoCtT9bcxOpYBtpD2kCM6Sbzg4CausW/PKQ=="
    },
    "json-stringify-safe": {
      "version": "5.0.1",
      "resolved": "https://registry.npmjs.org/json-stringify-safe/-/json-stringify-safe-5.0.1.tgz",
      "integrity": "sha1-Epai1Y/UXxmg9s4B1lcB4sc1tus="
    },
    "jsonfile": {
      "version": "4.0.0",
      "resolved": "https://registry.npmjs.org/jsonfile/-/jsonfile-4.0.0.tgz",
      "integrity": "sha1-h3Gq4HmbZAdrdmQPygWPnBDjPss=",
      "dev": true,
      "requires": {
        "graceful-fs": "^4.1.6"
      }
    },
    "lodash": {
      "version": "4.17.15",
      "resolved": "https://registry.npmjs.org/lodash/-/lodash-4.17.15.tgz",
      "integrity": "sha512-8xOcRHvCjnocdS5cpwXQXVzmmh5e5+saE2QGoeQmbKmRS6J3VQppPOIt0MnmE+4xlZoumy0GPG0D0MVIQbNA1A==",
      "dev": true
    },
    "loose-envify": {
      "version": "1.4.0",
      "resolved": "https://registry.npmjs.org/loose-envify/-/loose-envify-1.4.0.tgz",
      "integrity": "sha512-lyuxPGr/Wfhrlem2CL/UcnUc1zcqKAImBDzukY7Y5F/yQiNdko6+fRLevlw1HgMySw7f611UIY408EtxRSoK3Q==",
      "requires": {
        "js-tokens": "^3.0.0 || ^4.0.0"
      }
    },
    "mime": {
      "version": "1.6.0",
      "resolved": "https://registry.npmjs.org/mime/-/mime-1.6.0.tgz",
      "integrity": "sha512-x0Vn8spI+wuJ1O6S7gnbaQg8Pxh4NNHb7KSINmEWKiPE4RKOplvijn+NkmYmmRgP68mc70j2EbeTFRsrswaQeg==",
      "dev": true
    },
    "minimist": {
      "version": "1.2.0",
      "resolved": "https://registry.npmjs.org/minimist/-/minimist-1.2.0.tgz",
      "integrity": "sha1-o1AIsg9BOD7sH7kU9M1d95omQoQ=",
      "dev": true
    },
    "mkdirp": {
      "version": "0.5.1",
      "resolved": "https://registry.npmjs.org/mkdirp/-/mkdirp-0.5.1.tgz",
      "integrity": "sha1-MAV0OOrGz3+MR2fzhkjWaX11yQM=",
      "dev": true,
      "requires": {
        "minimist": "0.0.8"
      },
      "dependencies": {
        "minimist": {
          "version": "0.0.8",
          "resolved": "https://registry.npmjs.org/minimist/-/minimist-0.0.8.tgz",
          "integrity": "sha1-hX/Kv8M5fSYluCKCYuhqp6ARsF0=",
          "dev": true
        }
      }
    },
    "ms": {
      "version": "2.1.2",
      "resolved": "https://registry.npmjs.org/ms/-/ms-2.1.2.tgz",
      "integrity": "sha512-sGkPx+VjMtmA6MX27oA4FBFELFCZZ4S4XqeGOXCv68tT+jb3vk/RyaKWP0PTKyWtmLSM0b+adUTEvbs1PEaH2w==",
      "dev": true
    },
    "object-assign": {
      "version": "4.1.1",
      "resolved": "https://registry.npmjs.org/object-assign/-/object-assign-4.1.1.tgz",
      "integrity": "sha1-IQmtx5ZYh8/AXLvUQsrIv7s2CGM="
    },
    "opener": {
      "version": "1.5.1",
      "resolved": "https://registry.npmjs.org/opener/-/opener-1.5.1.tgz",
      "integrity": "sha512-goYSy5c2UXE4Ra1xixabeVh1guIX/ZV/YokJksb6q2lubWu6UbvPQ20p542/sFIll1nl8JnCyK9oBaOcCWXwvA==",
      "dev": true
    },
    "optimist": {
      "version": "0.6.1",
      "resolved": "https://registry.npmjs.org/optimist/-/optimist-0.6.1.tgz",
      "integrity": "sha1-2j6nRob6IaGaERwybpDrFaAZZoY=",
      "dev": true,
      "requires": {
        "minimist": "~0.0.1",
        "wordwrap": "~0.0.2"
      },
      "dependencies": {
        "minimist": {
          "version": "0.0.10",
          "resolved": "https://registry.npmjs.org/minimist/-/minimist-0.0.10.tgz",
          "integrity": "sha1-3j+YVD2/lggr5IrRoMfNqDYwHc8=",
          "dev": true
        }
      }
    },
    "paypal-checkout": {
      "version": "4.0.311",
      "resolved": "https://registry.npmjs.org/paypal-checkout/-/paypal-checkout-4.0.311.tgz",
      "integrity": "sha512-B7SKU6Mn6dFoUsjvGqORzdwbNPYIormHHa7rGLF4blCwQe2ZLcp+FATT23hW0gzw9XwJIgm3049tMEAn1YFszQ==",
      "requires": {
        "Base64": "^1.0.0",
        "beaver-logger": "^3.0.6",
        "belter": "^1.0.96",
        "bowser": "^1.7.1",
        "cross-domain-utils": "^2.0.1",
        "form-serialize": "^0.7.2",
        "hi-base32": "^0.5.0",
        "post-robot": "^8.0.0",
        "zalgo-promise": "^1.0.10",
        "zoid": "^6.0.67"
      }
    },
    "performance-now": {
      "version": "2.1.0",
      "resolved": "https://registry.npmjs.org/performance-now/-/performance-now-2.1.0.tgz",
      "integrity": "sha1-Ywn04OX6kT7BxpMHrjZLSzd8nns="
    },
    "portfinder": {
      "version": "1.0.25",
      "resolved": "https://registry.npmjs.org/portfinder/-/portfinder-1.0.25.tgz",
      "integrity": "sha512-6ElJnHBbxVA1XSLgBp7G1FiCkQdlqGzuF7DswL5tcea+E8UpuvPU7beVAjjRwCioTS9ZluNbu+ZyRvgTsmqEBg==",
      "dev": true,
      "requires": {
        "async": "^2.6.2",
        "debug": "^3.1.1",
        "mkdirp": "^0.5.1"
      }
    },
    "post-robot": {
      "version": "8.0.31",
      "resolved": "https://registry.npmjs.org/post-robot/-/post-robot-8.0.31.tgz",
      "integrity": "sha512-nUhtKgtmcgyuPm4RnIhUB3gsDYJBHOgFry3TvOxhIHpgfwYY/T69d4oB90tw4YUllFZUUwqLEv1Wgyg6eOoJ7A==",
      "requires": {
        "cross-domain-safe-weakmap": "^1.0.1",
        "cross-domain-utils": "^2.0.0",
        "zalgo-promise": "^1.0.3"
      }
    },
    "promise": {
      "version": "8.0.3",
      "resolved": "https://registry.npmjs.org/promise/-/promise-8.0.3.tgz",
      "integrity": "sha512-HeRDUL1RJiLhyA0/grn+PTShlBAcLuh/1BJGtrvjwbvRDCTLLMEz9rOGCV+R3vHY4MixIuoMEd9Yq/XvsTPcjw==",
      "requires": {
        "asap": "~2.0.6"
      }
    },
    "prop-types": {
      "version": "15.7.2",
      "resolved": "https://registry.npmjs.org/prop-types/-/prop-types-15.7.2.tgz",
      "integrity": "sha512-8QQikdH7//R2vurIJSutZ1smHYTcLpRWEOlHnzcWHmBYrOGUysKwSsrC89BCiFj3CbrfJ/nXFdJepOVrY1GCHQ==",
      "requires": {
        "loose-envify": "^1.4.0",
        "object-assign": "^4.1.1",
        "react-is": "^16.8.1"
      }
    },
    "qs": {
      "version": "6.9.1",
      "resolved": "https://registry.npmjs.org/qs/-/qs-6.9.1.tgz",
      "integrity": "sha512-Cxm7/SS/y/Z3MHWSxXb8lIFqgqBowP5JMlTUFyJN88y0SGQhVmZnqFK/PeuMX9LzUyWsqqhNxIyg0jlzq946yA==",
      "dev": true
    },
    "query-string": {
      "version": "5.1.1",
      "resolved": "https://registry.npmjs.org/query-string/-/query-string-5.1.1.tgz",
      "integrity": "sha512-gjWOsm2SoGlgLEdAGt7a6slVOk9mGiXmPFMqrEhLQ68rhQuBnpfs3+EmlvqKyxnCo9/PPlF+9MtY02S1aFg+Jw==",
      "requires": {
        "decode-uri-component": "^0.2.0",
        "object-assign": "^4.1.0",
        "strict-uri-encode": "^1.0.0"
      }
    },
    "raf": {
      "version": "3.4.1",
      "resolved": "https://registry.npmjs.org/raf/-/raf-3.4.1.tgz",
      "integrity": "sha512-Sq4CW4QhwOHE8ucn6J34MqtZCeWFP2aQSmrlroYgqAV1PjStIhJXxYuTgUIfkEk7zTLjmIjLmU5q+fbD1NnOJA==",
      "requires": {
        "performance-now": "^2.1.0"
      }
    },
    "react": {
      "version": "16.12.0",
      "resolved": "https://registry.npmjs.org/react/-/react-16.12.0.tgz",
      "integrity": "sha512-fglqy3k5E+81pA8s+7K0/T3DBCF0ZDOher1elBFzF7O6arXJgzyu/FW+COxFvAWXJoJN9KIZbT2LXlukwphYTA==",
      "requires": {
        "loose-envify": "^1.1.0",
        "object-assign": "^4.1.1",
        "prop-types": "^15.6.2"
      }
    },
    "react-app-polyfill": {
      "version": "1.0.6",
      "resolved": "https://registry.npmjs.org/react-app-polyfill/-/react-app-polyfill-1.0.6.tgz",
      "integrity": "sha512-OfBnObtnGgLGfweORmdZbyEz+3dgVePQBb3zipiaDsMHV1NpWm0rDFYIVXFV/AK+x4VIIfWHhrdMIeoTLyRr2g==",
      "requires": {
        "core-js": "^3.5.0",
        "object-assign": "^4.1.1",
        "promise": "^8.0.3",
        "raf": "^3.4.1",
        "regenerator-runtime": "^0.13.3",
        "whatwg-fetch": "^3.0.0"
      },
      "dependencies": {
        "core-js": {
          "version": "3.6.4",
          "resolved": "https://registry.npmjs.org/core-js/-/core-js-3.6.4.tgz",
          "integrity": "sha512-4paDGScNgZP2IXXilaffL9X7968RuvwlkK3xWtZRVqgd8SYNiVKRJvkFd1aqqEuPfN7E68ZHEp9hDj6lHj4Hyw=="
        }
      }
    },
    "react-dom": {
      "version": "16.12.0",
      "resolved": "https://registry.npmjs.org/react-dom/-/react-dom-16.12.0.tgz",
      "integrity": "sha512-LMxFfAGrcS3kETtQaCkTKjMiifahaMySFDn71fZUNpPHZQEzmk/GiAeIT8JSOrHB23fnuCOMruL2a8NYlw+8Gw==",
      "requires": {
        "loose-envify": "^1.1.0",
        "object-assign": "^4.1.1",
        "prop-types": "^15.6.2",
        "scheduler": "^0.18.0"
      }
    },
    "react-is": {
      "version": "16.12.0",
      "resolved": "https://registry.npmjs.org/react-is/-/react-is-16.12.0.tgz",
      "integrity": "sha512-rPCkf/mWBtKc97aLL9/txD8DZdemK0vkA3JMLShjlJB3Pj3s+lpf1KaBzMfQrAmhMQB0n1cU/SUGgKKBCe837Q=="
    },
    "react-redux": {
      "version": "7.1.3",
      "resolved": "https://registry.npmjs.org/react-redux/-/react-redux-7.1.3.tgz",
      "integrity": "sha512-uI1wca+ECG9RoVkWQFF4jDMqmaw0/qnvaSvOoL/GA4dNxf6LoV8sUAcNDvE5NWKs4hFpn0t6wswNQnY3f7HT3w==",
      "requires": {
        "@babel/runtime": "^7.5.5",
        "hoist-non-react-statics": "^3.3.0",
        "invariant": "^2.2.4",
        "loose-envify": "^1.4.0",
        "prop-types": "^15.7.2",
        "react-is": "^16.9.0"
      }
    },
    "redux": {
      "version": "4.0.5",
      "resolved": "https://registry.npmjs.org/redux/-/redux-4.0.5.tgz",
      "integrity": "sha512-VSz1uMAH24DM6MF72vcojpYPtrTUu3ByVWfPL1nPfVRb5mZVTve5GnNCUV53QM/BZ66xfWrm0CTWoM+Xlz8V1w==",
      "requires": {
        "loose-envify": "^1.4.0",
        "symbol-observable": "^1.2.0"
      }
    },
    "redux-devtools-extension": {
      "version": "2.13.8",
      "resolved": "https://registry.npmjs.org/redux-devtools-extension/-/redux-devtools-extension-2.13.8.tgz",
      "integrity": "sha512-8qlpooP2QqPtZHQZRhx3x3OP5skEV1py/zUdMY28WNAocbafxdG2tRD1MWE7sp8obGMNYuLWanhhQ7EQvT1FBg=="
    },
    "redux-immutable-state-invariant": {
      "version": "2.1.0",
      "resolved": "https://registry.npmjs.org/redux-immutable-state-invariant/-/redux-immutable-state-invariant-2.1.0.tgz",
      "integrity": "sha512-3czbDKs35FwiBRsx/3KabUk5zSOoTXC+cgVofGkpBNv3jQcqIe5JrHcF5AmVt7B/4hyJ8MijBIpCJ8cife6yJg==",
      "requires": {
        "invariant": "^2.1.0",
        "json-stringify-safe": "^5.0.1"
      }
    },
    "redux-thunk": {
      "version": "2.3.0",
      "resolved": "https://registry.npmjs.org/redux-thunk/-/redux-thunk-2.3.0.tgz",
      "integrity": "sha512-km6dclyFnmcvxhAcrQV2AkZmPQjzPDjgVlQtR0EQjxZPyJ0BnMf3in1ryuR8A2qU0HldVRfxYXbFSKlI3N7Slw=="
    },
    "regenerator-runtime": {
      "version": "0.13.3",
      "resolved": "https://registry.npmjs.org/regenerator-runtime/-/regenerator-runtime-0.13.3.tgz",
      "integrity": "sha512-naKIZz2GQ8JWh///G7L3X6LaQUAMp2lvb1rvwwsURe/VXwD6VMfr+/1NuNw3ag8v2kY1aQ/go5SNn79O9JU7yw=="
    },
    "requires-port": {
      "version": "1.0.0",
      "resolved": "https://registry.npmjs.org/requires-port/-/requires-port-1.0.0.tgz",
      "integrity": "sha1-kl0mAdOaxIXgkc8NpcbmlNw9yv8=",
      "dev": true
    },
    "reselect": {
      "version": "4.0.0",
      "resolved": "https://registry.npmjs.org/reselect/-/reselect-4.0.0.tgz",
      "integrity": "sha512-qUgANli03jjAyGlnbYVAV5vvnOmJnODyABz51RdBN7M4WaVu8mecZWgyQNkG8Yqe3KRGRt0l4K4B3XVEULC4CA=="
    },
    "scheduler": {
      "version": "0.18.0",
      "resolved": "https://registry.npmjs.org/scheduler/-/scheduler-0.18.0.tgz",
      "integrity": "sha512-agTSHR1Nbfi6ulI0kYNK0203joW2Y5W4po4l+v03tOoiJKpTBbxpNhWDvqc/4IcOw+KLmSiQLTasZ4cab2/UWQ==",
      "requires": {
        "loose-envify": "^1.1.0",
        "object-assign": "^4.1.1"
      }
    },
    "secure-compare": {
      "version": "3.0.1",
      "resolved": "https://registry.npmjs.org/secure-compare/-/secure-compare-3.0.1.tgz",
      "integrity": "sha1-8aAymzCLIh+uN7mXTz1XjQypmeM=",
      "dev": true
    },
    "strict-uri-encode": {
      "version": "1.1.0",
      "resolved": "https://registry.npmjs.org/strict-uri-encode/-/strict-uri-encode-1.1.0.tgz",
      "integrity": "sha1-J5siXfHVgrH1TmWt3UNS4Y+qBxM="
    },
    "symbol-observable": {
      "version": "1.2.0",
      "resolved": "https://registry.npmjs.org/symbol-observable/-/symbol-observable-1.2.0.tgz",
      "integrity": "sha512-e900nM8RRtGhlV36KGEU9k65K3mPb1WV70OdjfxlG2EAuM1noi/E/BaW/uMhL7bPEssK8QV57vN3esixjUvcXQ=="
    },
    "union": {
      "version": "0.5.0",
      "resolved": "https://registry.npmjs.org/union/-/union-0.5.0.tgz",
      "integrity": "sha512-N6uOhuW6zO95P3Mel2I2zMsbsanvvtgn6jVqJv4vbVcz/JN0OkL9suomjQGmWtxJQXOCqUJvquc1sMeNz/IwlA==",
      "dev": true,
      "requires": {
        "qs": "^6.4.0"
      }
    },
    "universalify": {
      "version": "0.1.2",
      "resolved": "https://registry.npmjs.org/universalify/-/universalify-0.1.2.tgz",
      "integrity": "sha512-rBJeI5CXAlmy1pV+617WB9J63U6XcazHHF2f2dbJix4XzpUF0RS3Zbj0FGIOCAva5P/d/GBOYaACQ1w+0azUkg==",
      "dev": true
    },
    "url-join": {
      "version": "2.0.5",
      "resolved": "https://registry.npmjs.org/url-join/-/url-join-2.0.5.tgz",
      "integrity": "sha1-WvIvGMBSoACkjXuCxenC4v7tpyg=",
      "dev": true
    },
    "whatwg-fetch": {
      "version": "3.0.0",
      "resolved": "https://registry.npmjs.org/whatwg-fetch/-/whatwg-fetch-3.0.0.tgz",
      "integrity": "sha512-9GSJUgz1D4MfyKU7KRqwOjXCXTqWdFNvEr7eUBYchQiVc744mqK/MzXPNR2WsPkmkOa4ywfg8C2n8h+13Bey1Q=="
    },
    "wordwrap": {
      "version": "0.0.3",
      "resolved": "https://registry.npmjs.org/wordwrap/-/wordwrap-0.0.3.tgz",
      "integrity": "sha1-o9XabNXAvAAI03I0u68b7WMFkQc=",
      "dev": true
    },
    "zalgo-promise": {
      "version": "1.0.44",
      "resolved": "https://registry.npmjs.org/zalgo-promise/-/zalgo-promise-1.0.44.tgz",
      "integrity": "sha512-CSQ1xh0vVwgrohObNdysPANonBV+3yl1Xy+qrtMWBvb/a0D/2OUNqb0GJvaAgGtP/gQawtiQAFil2bGSq8aoMA=="
    },
    "zoid": {
      "version": "6.0.77",
      "resolved": "https://registry.npmjs.org/zoid/-/zoid-6.0.77.tgz",
      "integrity": "sha512-NxLfIF0xSQvPzwJbhiGrJRmmGTgd2Zb/7e5OIv3J7XAG10fSG0e+eK1fjV3nbbJQ2Kuy5Uk8kRX0/0/RWt4WVg==",
      "requires": {
        "beaver-logger": "^3.0.17",
        "belter": "^1.0.77",
        "cross-domain-safe-weakmap": "^1.0.22",
        "cross-domain-utils": "^2.0.16",
        "hi-base32": "^0.5.0",
        "post-robot": "^8.0.29",
        "zalgo-promise": "^1.0.34"
      }
    }
  }
}
